// !$*UTF8*$!
{
	archiveVersion = 1;
	classes = {
	};
	objectVersion = 46;
	objects = {

/* Begin PBXBuildFile section */
		107F62281B5B516900EA6048 /* AppDelegate.swift in Sources */ = {isa = PBXBuildFile; fileRef = 107F62271B5B516900EA6048 /* AppDelegate.swift */; };
		107F622A1B5B516900EA6048 /* ViewController.swift in Sources */ = {isa = PBXBuildFile; fileRef = 107F62291B5B516900EA6048 /* ViewController.swift */; };
		107F622D1B5B516900EA6048 /* Main.storyboard in Resources */ = {isa = PBXBuildFile; fileRef = 107F622B1B5B516900EA6048 /* Main.storyboard */; };
		107F622F1B5B516900EA6048 /* Assets.xcassets in Resources */ = {isa = PBXBuildFile; fileRef = 107F622E1B5B516900EA6048 /* Assets.xcassets */; };
		107F62321B5B516900EA6048 /* LaunchScreen.storyboard in Resources */ = {isa = PBXBuildFile; fileRef = 107F62301B5B516900EA6048 /* LaunchScreen.storyboard */; };
		107F62371B5B516900EA6048 /* HotOrCold WatchKit App.app in Embed Watch Content */ = {isa = PBXBuildFile; fileRef = 107F62361B5B516900EA6048 /* HotOrCold WatchKit App.app */; };
		107F623D1B5B516900EA6048 /* Interface.storyboard in Resources */ = {isa = PBXBuildFile; fileRef = 107F623B1B5B516900EA6048 /* Interface.storyboard */; };
		107F623F1B5B516900EA6048 /* Assets.xcassets in Resources */ = {isa = PBXBuildFile; fileRef = 107F623E1B5B516900EA6048 /* Assets.xcassets */; };
		107F62461B5B516900EA6048 /* HotOrCold WatchKit Extension.appex in Embed App Extensions */ = {isa = PBXBuildFile; fileRef = 107F62451B5B516900EA6048 /* HotOrCold WatchKit Extension.appex */; settings = {ATTRIBUTES = (RemoveHeadersOnCopy, ); }; };
		107F624D1B5B516900EA6048 /* InterfaceController.swift in Sources */ = {isa = PBXBuildFile; fileRef = 107F624C1B5B516900EA6048 /* InterfaceController.swift */; };
		107F624F1B5B516900EA6048 /* ExtensionDelegate.swift in Sources */ = {isa = PBXBuildFile; fileRef = 107F624E1B5B516900EA6048 /* ExtensionDelegate.swift */; };
		107F62511B5B516900EA6048 /* NotificationController.swift in Sources */ = {isa = PBXBuildFile; fileRef = 107F62501B5B516900EA6048 /* NotificationController.swift */; };
		107F62531B5B516900EA6048 /* Assets.xcassets in Resources */ = {isa = PBXBuildFile; fileRef = 107F62521B5B516900EA6048 /* Assets.xcassets */; };
/* End PBXBuildFile section */

/* Begin PBXContainerItemProxy section */
		107F62381B5B516900EA6048 /* PBXContainerItemProxy */ = {
			isa = PBXContainerItemProxy;
			containerPortal = 107F621C1B5B516900EA6048 /* Project object */;
			proxyType = 1;
			remoteGlobalIDString = 107F62351B5B516900EA6048;
			remoteInfo = "HotOrCold WatchKit App";
		};
		107F62471B5B516900EA6048 /* PBXContainerItemProxy */ = {
			isa = PBXContainerItemProxy;
			containerPortal = 107F621C1B5B516900EA6048 /* Project object */;
			proxyType = 1;
			remoteGlobalIDString = 107F62441B5B516900EA6048;
			remoteInfo = "HotOrCold WatchKit Extension";
		};
/* End PBXContainerItemProxy section */

/* Begin PBXCopyFilesBuildPhase section */
		107F625A1B5B516900EA6048 /* Embed App Extensions */ = {
			isa = PBXCopyFilesBuildPhase;
			buildActionMask = 2147483647;
			dstPath = "";
			dstSubfolderSpec = 13;
			files = (
				107F62461B5B516900EA6048 /* HotOrCold WatchKit Extension.appex in Embed App Extensions */,
			);
			name = "Embed App Extensions";
			runOnlyForDeploymentPostprocessing = 0;
		};
		107F625E1B5B516900EA6048 /* Embed Watch Content */ = {
			isa = PBXCopyFilesBuildPhase;
			buildActionMask = 2147483647;
			dstPath = "$(CONTENTS_FOLDER_PATH)/Watch";
			dstSubfolderSpec = 16;
			files = (
				107F62371B5B516900EA6048 /* HotOrCold WatchKit App.app in Embed Watch Content */,
			);
			name = "Embed Watch Content";
			runOnlyForDeploymentPostprocessing = 0;
		};
/* End PBXCopyFilesBuildPhase section */

/* Begin PBXFileReference section */
		107F62241B5B516900EA6048 /* HotOrCold.app */ = {isa = PBXFileReference; explicitFileType = wrapper.application; includeInIndex = 0; path = HotOrCold.app; sourceTree = BUILT_PRODUCTS_DIR; };
		107F62271B5B516900EA6048 /* AppDelegate.swift */ = {isa = PBXFileReference; lastKnownFileType = sourcecode.swift; path = AppDelegate.swift; sourceTree = "<group>"; };
		107F62291B5B516900EA6048 /* ViewController.swift */ = {isa = PBXFileReference; lastKnownFileType = sourcecode.swift; path = ViewController.swift; sourceTree = "<group>"; };
		107F622C1B5B516900EA6048 /* Base */ = {isa = PBXFileReference; lastKnownFileType = file.storyboard; name = Base; path = Base.lproj/Main.storyboard; sourceTree = "<group>"; };
		107F622E1B5B516900EA6048 /* Assets.xcassets */ = {isa = PBXFileReference; lastKnownFileType = folder.assetcatalog; path = Assets.xcassets; sourceTree = "<group>"; };
		107F62311B5B516900EA6048 /* Base */ = {isa = PBXFileReference; lastKnownFileType = file.storyboard; name = Base; path = Base.lproj/LaunchScreen.storyboard; sourceTree = "<group>"; };
		107F62331B5B516900EA6048 /* Info.plist */ = {isa = PBXFileReference; lastKnownFileType = text.plist.xml; path = Info.plist; sourceTree = "<group>"; };
		107F62361B5B516900EA6048 /* HotOrCold WatchKit App.app */ = {isa = PBXFileReference; explicitFileType = wrapper.application; includeInIndex = 0; path = "HotOrCold WatchKit App.app"; sourceTree = BUILT_PRODUCTS_DIR; };
		107F623C1B5B516900EA6048 /* Base */ = {isa = PBXFileReference; lastKnownFileType = file.storyboard; name = Base; path = Base.lproj/Interface.storyboard; sourceTree = "<group>"; };
		107F623E1B5B516900EA6048 /* Assets.xcassets */ = {isa = PBXFileReference; lastKnownFileType = folder.assetcatalog; path = Assets.xcassets; sourceTree = "<group>"; };
		107F62401B5B516900EA6048 /* Info.plist */ = {isa = PBXFileReference; lastKnownFileType = text.plist.xml; path = Info.plist; sourceTree = "<group>"; };
		107F62451B5B516900EA6048 /* HotOrCold WatchKit Extension.appex */ = {isa = PBXFileReference; explicitFileType = "wrapper.app-extension"; includeInIndex = 0; path = "HotOrCold WatchKit Extension.appex"; sourceTree = BUILT_PRODUCTS_DIR; };
		107F624B1B5B516900EA6048 /* PushNotificationPayload.apns */ = {isa = PBXFileReference; lastKnownFileType = text; path = PushNotificationPayload.apns; sourceTree = "<group>"; };
		107F624C1B5B516900EA6048 /* InterfaceController.swift */ = {isa = PBXFileReference; lastKnownFileType = sourcecode.swift; path = InterfaceController.swift; sourceTree = "<group>"; };
		107F624E1B5B516900EA6048 /* ExtensionDelegate.swift */ = {isa = PBXFileReference; lastKnownFileType = sourcecode.swift; path = ExtensionDelegate.swift; sourceTree = "<group>"; };
		107F62501B5B516900EA6048 /* NotificationController.swift */ = {isa = PBXFileReference; lastKnownFileType = sourcecode.swift; path = NotificationController.swift; sourceTree = "<group>"; };
		107F62521B5B516900EA6048 /* Assets.xcassets */ = {isa = PBXFileReference; lastKnownFileType = folder.assetcatalog; path = Assets.xcassets; sourceTree = "<group>"; };
		107F62541B5B516900EA6048 /* Info.plist */ = {isa = PBXFileReference; lastKnownFileType = text.plist.xml; path = Info.plist; sourceTree = "<group>"; };
/* End PBXFileReference section */

/* Begin PBXFrameworksBuildPhase section */
		107F62211B5B516900EA6048 /* Frameworks */ = {
			isa = PBXFrameworksBuildPhase;
			buildActionMask = 2147483647;
			files = (
			);
			runOnlyForDeploymentPostprocessing = 0;
		};
		107F62421B5B516900EA6048 /* Frameworks */ = {
			isa = PBXFrameworksBuildPhase;
			buildActionMask = 2147483647;
			files = (
			);
			runOnlyForDeploymentPostprocessing = 0;
		};
/* End PBXFrameworksBuildPhase section */

/* Begin PBXGroup section */
		107F621B1B5B516900EA6048 = {
			isa = PBXGroup;
			children = (
				107F62261B5B516900EA6048 /* HotOrCold */,
				107F623A1B5B516900EA6048 /* HotOrCold WatchKit App */,
				107F62491B5B516900EA6048 /* HotOrCold WatchKit Extension */,
				107F62251B5B516900EA6048 /* Products */,
			);
			sourceTree = "<group>";
		};
		107F62251B5B516900EA6048 /* Products */ = {
			isa = PBXGroup;
			children = (
				107F62241B5B516900EA6048 /* HotOrCold.app */,
				107F62361B5B516900EA6048 /* HotOrCold WatchKit App.app */,
				107F62451B5B516900EA6048 /* HotOrCold WatchKit Extension.appex */,
			);
			name = Products;
			sourceTree = "<group>";
		};
		107F62261B5B516900EA6048 /* HotOrCold */ = {
			isa = PBXGroup;
			children = (
				107F62271B5B516900EA6048 /* AppDelegate.swift */,
				107F62291B5B516900EA6048 /* ViewController.swift */,
				107F622B1B5B516900EA6048 /* Main.storyboard */,
				107F622E1B5B516900EA6048 /* Assets.xcassets */,
				107F62301B5B516900EA6048 /* LaunchScreen.storyboard */,
				107F62331B5B516900EA6048 /* Info.plist */,
			);
			path = HotOrCold;
			sourceTree = "<group>";
		};
		107F623A1B5B516900EA6048 /* HotOrCold WatchKit App */ = {
			isa = PBXGroup;
			children = (
				107F623B1B5B516900EA6048 /* Interface.storyboard */,
				107F623E1B5B516900EA6048 /* Assets.xcassets */,
				107F62401B5B516900EA6048 /* Info.plist */,
			);
			path = "HotOrCold WatchKit App";
			sourceTree = "<group>";
		};
		107F62491B5B516900EA6048 /* HotOrCold WatchKit Extension */ = {
			isa = PBXGroup;
			children = (
				107F624C1B5B516900EA6048 /* InterfaceController.swift */,
				107F624E1B5B516900EA6048 /* ExtensionDelegate.swift */,
				107F62501B5B516900EA6048 /* NotificationController.swift */,
				107F62521B5B516900EA6048 /* Assets.xcassets */,
				107F62541B5B516900EA6048 /* Info.plist */,
				107F624A1B5B516900EA6048 /* Supporting Files */,
			);
			path = "HotOrCold WatchKit Extension";
			sourceTree = "<group>";
		};
		107F624A1B5B516900EA6048 /* Supporting Files */ = {
			isa = PBXGroup;
			children = (
				107F624B1B5B516900EA6048 /* PushNotificationPayload.apns */,
			);
			name = "Supporting Files";
			sourceTree = "<group>";
		};
/* End PBXGroup section */

/* Begin PBXNativeTarget section */
		107F62231B5B516900EA6048 /* HotOrCold */ = {
			isa = PBXNativeTarget;
			buildConfigurationList = 107F625F1B5B516900EA6048 /* Build configuration list for PBXNativeTarget "HotOrCold" */;
			buildPhases = (
				107F62201B5B516900EA6048 /* Sources */,
				107F62211B5B516900EA6048 /* Frameworks */,
				107F62221B5B516900EA6048 /* Resources */,
				107F625E1B5B516900EA6048 /* Embed Watch Content */,
			);
			buildRules = (
			);
			dependencies = (
				107F62391B5B516900EA6048 /* PBXTargetDependency */,
			);
			name = HotOrCold;
			productName = HotOrCold;
			productReference = 107F62241B5B516900EA6048 /* HotOrCold.app */;
			productType = "com.apple.product-type.application";
		};
		107F62351B5B516900EA6048 /* HotOrCold WatchKit App */ = {
			isa = PBXNativeTarget;
			buildConfigurationList = 107F625B1B5B516900EA6048 /* Build configuration list for PBXNativeTarget "HotOrCold WatchKit App" */;
			buildPhases = (
				107F62341B5B516900EA6048 /* Resources */,
				107F625A1B5B516900EA6048 /* Embed App Extensions */,
			);
			buildRules = (
			);
			dependencies = (
				107F62481B5B516900EA6048 /* PBXTargetDependency */,
			);
			name = "HotOrCold WatchKit App";
			productName = "HotOrCold WatchKit App";
			productReference = 107F62361B5B516900EA6048 /* HotOrCold WatchKit App.app */;
			productType = "com.apple.product-type.application.watchapp2";
		};
		107F62441B5B516900EA6048 /* HotOrCold WatchKit Extension */ = {
			isa = PBXNativeTarget;
			buildConfigurationList = 107F62571B5B516900EA6048 /* Build configuration list for PBXNativeTarget "HotOrCold WatchKit Extension" */;
			buildPhases = (
				107F62411B5B516900EA6048 /* Sources */,
				107F62421B5B516900EA6048 /* Frameworks */,
				107F62431B5B516900EA6048 /* Resources */,
			);
			buildRules = (
			);
			dependencies = (
			);
			name = "HotOrCold WatchKit Extension";
			productName = "HotOrCold WatchKit Extension";
			productReference = 107F62451B5B516900EA6048 /* HotOrCold WatchKit Extension.appex */;
			productType = "com.apple.product-type.watchkit2-extension";
		};
/* End PBXNativeTarget section */

/* Begin PBXProject section */
		107F621C1B5B516900EA6048 /* Project object */ = {
			isa = PBXProject;
			attributes = {
				LastUpgradeCheck = 0700;
				ORGANIZATIONNAME = aks;
				TargetAttributes = {
					107F62231B5B516900EA6048 = {
						CreatedOnToolsVersion = 7.0;
					};
					107F62351B5B516900EA6048 = {
						CreatedOnToolsVersion = 7.0;
					};
					107F62441B5B516900EA6048 = {
						CreatedOnToolsVersion = 7.0;
					};
				};
			};
			buildConfigurationList = 107F621F1B5B516900EA6048 /* Build configuration list for PBXProject "HotOrCold" */;
			compatibilityVersion = "Xcode 3.2";
			developmentRegion = English;
			hasScannedForEncodings = 0;
			knownRegions = (
				en,
				Base,
			);
			mainGroup = 107F621B1B5B516900EA6048;
			productRefGroup = 107F62251B5B516900EA6048 /* Products */;
			projectDirPath = "";
			projectRoot = "";
			targets = (
				107F62231B5B516900EA6048 /* HotOrCold */,
				107F62351B5B516900EA6048 /* HotOrCold WatchKit App */,
				107F62441B5B516900EA6048 /* HotOrCold WatchKit Extension */,
			);
		};
/* End PBXProject section */

/* Begin PBXResourcesBuildPhase section */
		107F62221B5B516900EA6048 /* Resources */ = {
			isa = PBXResourcesBuildPhase;
			buildActionMask = 2147483647;
			files = (
				107F62321B5B516900EA6048 /* LaunchScreen.storyboard in Resources */,
				107F622F1B5B516900EA6048 /* Assets.xcassets in Resources */,
				107F622D1B5B516900EA6048 /* Main.storyboard in Resources */,
			);
			runOnlyForDeploymentPostprocessing = 0;
		};
		107F62341B5B516900EA6048 /* Resources */ = {
			isa = PBXResourcesBuildPhase;
			buildActionMask = 2147483647;
			files = (
				107F623F1B5B516900EA6048 /* Assets.xcassets in Resources */,
				107F623D1B5B516900EA6048 /* Interface.storyboard in Resources */,
			);
			runOnlyForDeploymentPostprocessing = 0;
		};
		107F62431B5B516900EA6048 /* Resources */ = {
			isa = PBXResourcesBuildPhase;
			buildActionMask = 2147483647;
			files = (
				107F62531B5B516900EA6048 /* Assets.xcassets in Resources */,
			);
			runOnlyForDeploymentPostprocessing = 0;
		};
/* End PBXResourcesBuildPhase section */

/* Begin PBXSourcesBuildPhase section */
		107F62201B5B516900EA6048 /* Sources */ = {
			isa = PBXSourcesBuildPhase;
			buildActionMask = 2147483647;
			files = (
				107F622A1B5B516900EA6048 /* ViewController.swift in Sources */,
				107F62281B5B516900EA6048 /* AppDelegate.swift in Sources */,
			);
			runOnlyForDeploymentPostprocessing = 0;
		};
		107F62411B5B516900EA6048 /* Sources */ = {
			isa = PBXSourcesBuildPhase;
			buildActionMask = 2147483647;
			files = (
				107F62511B5B516900EA6048 /* NotificationController.swift in Sources */,
				107F624F1B5B516900EA6048 /* ExtensionDelegate.swift in Sources */,
				107F624D1B5B516900EA6048 /* InterfaceController.swift in Sources */,
			);
			runOnlyForDeploymentPostprocessing = 0;
		};
/* End PBXSourcesBuildPhase section */

/* Begin PBXTargetDependency section */
		107F62391B5B516900EA6048 /* PBXTargetDependency */ = {
			isa = PBXTargetDependency;
			target = 107F62351B5B516900EA6048 /* HotOrCold WatchKit App */;
			targetProxy = 107F62381B5B516900EA6048 /* PBXContainerItemProxy */;
		};
		107F62481B5B516900EA6048 /* PBXTargetDependency */ = {
			isa = PBXTargetDependency;
			target = 107F62441B5B516900EA6048 /* HotOrCold WatchKit Extension */;
			targetProxy = 107F62471B5B516900EA6048 /* PBXContainerItemProxy */;
		};
/* End PBXTargetDependency section */

/* Begin PBXVariantGroup section */
		107F622B1B5B516900EA6048 /* Main.storyboard */ = {
			isa = PBXVariantGroup;
			children = (
				107F622C1B5B516900EA6048 /* Base */,
			);
			name = Main.storyboard;
			sourceTree = "<group>";
		};
		107F62301B5B516900EA6048 /* LaunchScreen.storyboard */ = {
			isa = PBXVariantGroup;
			children = (
				107F62311B5B516900EA6048 /* Base */,
			);
			name = LaunchScreen.storyboard;
			sourceTree = "<group>";
		};
		107F623B1B5B516900EA6048 /* Interface.storyboard */ = {
			isa = PBXVariantGroup;
			children = (
				107F623C1B5B516900EA6048 /* Base */,
			);
			name = Interface.storyboard;
			sourceTree = "<group>";
		};
/* End PBXVariantGroup section */

/* Begin XCBuildConfiguration section */
		107F62551B5B516900EA6048 /* Debug */ = {
			isa = XCBuildConfiguration;
			buildSettings = {
				ALWAYS_SEARCH_USER_PATHS = NO;
				CLANG_CXX_LANGUAGE_STANDARD = "gnu++0x";
				CLANG_CXX_LIBRARY = "libc++";
				CLANG_ENABLE_MODULES = YES;
				CLANG_ENABLE_OBJC_ARC = YES;
				CLANG_WARN_BOOL_CONVERSION = YES;
				CLANG_WARN_CONSTANT_CONVERSION = YES;
				CLANG_WARN_DIRECT_OBJC_ISA_USAGE = YES_ERROR;
				CLANG_WARN_EMPTY_BODY = YES;
				CLANG_WARN_ENUM_CONVERSION = YES;
				CLANG_WARN_INT_CONVERSION = YES;
				CLANG_WARN_OBJC_ROOT_CLASS = YES_ERROR;
				CLANG_WARN_UNREACHABLE_CODE = YES;
				CLANG_WARN__DUPLICATE_METHOD_MATCH = YES;
				"CODE_SIGN_IDENTITY[sdk=iphoneos*]" = "iPhone Developer";
				COPY_PHASE_STRIP = NO;
				DEBUG_INFORMATION_FORMAT = dwarf;
				ENABLE_STRICT_OBJC_MSGSEND = YES;
				ENABLE_TESTABILITY = YES;
				GCC_C_LANGUAGE_STANDARD = gnu99;
				GCC_DYNAMIC_NO_PIC = NO;
				GCC_NO_COMMON_BLOCKS = YES;
				GCC_OPTIMIZATION_LEVEL = 0;
				GCC_PREPROCESSOR_DEFINITIONS = (
					"DEBUG=1",
					"$(inherited)",
				);
				GCC_WARN_64_TO_32_BIT_CONVERSION = YES;
				GCC_WARN_ABOUT_RETURN_TYPE = YES_ERROR;
				GCC_WARN_UNDECLARED_SELECTOR = YES;
				GCC_WARN_UNINITIALIZED_AUTOS = YES_AGGRESSIVE;
				GCC_WARN_UNUSED_FUNCTION = YES;
				GCC_WARN_UNUSED_VARIABLE = YES;
				IPHONEOS_DEPLOYMENT_TARGET = 9.0;
				MTL_ENABLE_DEBUG_INFO = YES;
				ONLY_ACTIVE_ARCH = YES;
				SDKROOT = iphoneos;
				SWIFT_OPTIMIZATION_LEVEL = "-Onone";
			};
			name = Debug;
		};
		107F62561B5B516900EA6048 /* Release */ = {
			isa = XCBuildConfiguration;
			buildSettings = {
				ALWAYS_SEARCH_USER_PATHS = NO;
				CLANG_CXX_LANGUAGE_STANDARD = "gnu++0x";
				CLANG_CXX_LIBRARY = "libc++";
				CLANG_ENABLE_MODULES = YES;
				CLANG_ENABLE_OBJC_ARC = YES;
				CLANG_WARN_BOOL_CONVERSION = YES;
				CLANG_WARN_CONSTANT_CONVERSION = YES;
				CLANG_WARN_DIRECT_OBJC_ISA_USAGE = YES_ERROR;
				CLANG_WARN_EMPTY_BODY = YES;
				CLANG_WARN_ENUM_CONVERSION = YES;
				CLANG_WARN_INT_CONVERSION = YES;
				CLANG_WARN_OBJC_ROOT_CLASS = YES_ERROR;
				CLANG_WARN_UNREACHABLE_CODE = YES;
				CLANG_WARN__DUPLICATE_METHOD_MATCH = YES;
				"CODE_SIGN_IDENTITY[sdk=iphoneos*]" = "iPhone Developer";
				COPY_PHASE_STRIP = NO;
				DEBUG_INFORMATION_FORMAT = "dwarf-with-dsym";
				ENABLE_NS_ASSERTIONS = NO;
				ENABLE_STRICT_OBJC_MSGSEND = YES;
				GCC_C_LANGUAGE_STANDARD = gnu99;
				GCC_NO_COMMON_BLOCKS = YES;
				GCC_WARN_64_TO_32_BIT_CONVERSION = YES;
				GCC_WARN_ABOUT_RETURN_TYPE = YES_ERROR;
				GCC_WARN_UNDECLARED_SELECTOR = YES;
				GCC_WARN_UNINITIALIZED_AUTOS = YES_AGGRESSIVE;
				GCC_WARN_UNUSED_FUNCTION = YES;
				GCC_WARN_UNUSED_VARIABLE = YES;
				IPHONEOS_DEPLOYMENT_TARGET = 9.0;
				MTL_ENABLE_DEBUG_INFO = NO;
				SDKROOT = iphoneos;
				VALIDATE_PRODUCT = YES;
			};
			name = Release;
		};
		107F62581B5B516900EA6048 /* Debug */ = {
			isa = XCBuildConfiguration;
			buildSettings = {
				INFOPLIST_FILE = "HotOrCold WatchKit Extension/Info.plist";
				LD_RUNPATH_SEARCH_PATHS = "$(inherited) @executable_path/Frameworks @executable_path/../../Frameworks";
				PRODUCT_BUNDLE_IDENTIFIER = aks.HotOrCold.watchkitapp.watchkitextension;
				PRODUCT_NAME = "${TARGET_NAME}";
				SDKROOT = watchos;
				SKIP_INSTALL = YES;
				TARGETED_DEVICE_FAMILY = 4;
				WATCHOS_DEPLOYMENT_TARGET = 2.0;
			};
			name = Debug;
		};
		107F62591B5B516900EA6048 /* Release */ = {
			isa = XCBuildConfiguration;
			buildSettings = {
				INFOPLIST_FILE = "HotOrCold WatchKit Extension/Info.plist";
				LD_RUNPATH_SEARCH_PATHS = "$(inherited) @executable_path/Frameworks @executable_path/../../Frameworks";
				PRODUCT_BUNDLE_IDENTIFIER = aks.HotOrCold.watchkitapp.watchkitextension;
				PRODUCT_NAME = "${TARGET_NAME}";
				SDKROOT = watchos;
				SKIP_INSTALL = YES;
				TARGETED_DEVICE_FAMILY = 4;
				WATCHOS_DEPLOYMENT_TARGET = 2.0;
			};
			name = Release;
		};
		107F625C1B5B516900EA6048 /* Debug */ = {
			isa = XCBuildConfiguration;
			buildSettings = {
				ASSETCATALOG_COMPILER_APPICON_NAME = AppIcon;
				EMBEDDED_CONTENT_CONTAINS_SWIFT = YES;
				IBSC_MODULE = HotOrCold_WatchKit_Extension;
				INFOPLIST_FILE = "HotOrCold WatchKit App/Info.plist";
				PRODUCT_BUNDLE_IDENTIFIER = aks.HotOrCold.watchkitapp;
				PRODUCT_NAME = "$(TARGET_NAME)";
				SDKROOT = watchos;
				SKIP_INSTALL = YES;
				TARGETED_DEVICE_FAMILY = 4;
				WATCHOS_DEPLOYMENT_TARGET = 2.0;
			};
			name = Debug;
		};
		107F625D1B5B516900EA6048 /* Release */ = {
			isa = XCBuildConfiguration;
			buildSettings = {
				ASSETCATALOG_COMPILER_APPICON_NAME = AppIcon;
				EMBEDDED_CONTENT_CONTAINS_SWIFT = YES;
				IBSC_MODULE = HotOrCold_WatchKit_Extension;
				INFOPLIST_FILE = "HotOrCold WatchKit App/Info.plist";
				PRODUCT_BUNDLE_IDENTIFIER = aks.HotOrCold.watchkitapp;
				PRODUCT_NAME = "$(TARGET_NAME)";
				SDKROOT = watchos;
				SKIP_INSTALL = YES;
				TARGETED_DEVICE_FAMILY = 4;
				WATCHOS_DEPLOYMENT_TARGET = 2.0;
			};
			name = Release;
		};
		107F62601B5B516900EA6048 /* Debug */ = {
			isa = XCBuildConfiguration;
			buildSettings = {
				ASSETCATALOG_COMPILER_APPICON_NAME = AppIcon;
				INFOPLIST_FILE = HotOrCold/Info.plist;
				LD_RUNPATH_SEARCH_PATHS = "$(inherited) @executable_path/Frameworks";
				PRODUCT_BUNDLE_IDENTIFIER = aks.HotOrCold;
				PRODUCT_NAME = "$(TARGET_NAME)";
			};
			name = Debug;
		};
		107F62611B5B516900EA6048 /* Release */ = {
			isa = XCBuildConfiguration;
			buildSettings = {
				ASSETCATALOG_COMPILER_APPICON_NAME = AppIcon;
				INFOPLIST_FILE = HotOrCold/Info.plist;
				LD_RUNPATH_SEARCH_PATHS = "$(inherited) @executable_path/Frameworks";
				PRODUCT_BUNDLE_IDENTIFIER = aks.HotOrCold;
				PRODUCT_NAME = "$(TARGET_NAME)";
			};
			name = Release;
		};
/* End XCBuildConfiguration section */

/* Begin XCConfigurationList section */
		107F621F1B5B516900EA6048 /* Build configuration list for PBXProject "HotOrCold" */ = {
			isa = XCConfigurationList;
			buildConfigurations = (
				107F62551B5B516900EA6048 /* Debug */,
				107F62561B5B516900EA6048 /* Release */,
			);
			defaultConfigurationIsVisible = 0;
			defaultConfigurationName = Release;
		};
		107F62571B5B516900EA6048 /* Build configuration list for PBXNativeTarget "HotOrCold WatchKit Extension" */ = {
			isa = XCConfigurationList;
			buildConfigurations = (
				107F62581B5B516900EA6048 /* Debug */,
				107F62591B5B516900EA6048 /* Release */,
			);
			defaultConfigurationIsVisible = 0;
		};
		107F625B1B5B516900EA6048 /* Build configuration list for PBXNativeTarget "HotOrCold WatchKit App" */ = {
			isa = XCConfigurationList;
			buildConfigurations = (
				107F625C1B5B516900EA6048 /* Debug */,
				107F625D1B5B516900EA6048 /* Release */,
			);
			defaultConfigurationIsVisible = 0;
		};
		107F625F1B5B516900EA6048 /* Build configuration list for PBXNativeTarget "HotOrCold" */ = {
			isa = XCConfigurationList;
			buildConfigurations = (
				107F62601B5B516900EA6048 /* Debug */,
				107F62611B5B516900EA6048 /* Release */,
			);
			defaultConfigurationIsVisible = 0;
		};
/* End XCConfigurationList section */
	};
	rootObject = 107F621C1B5B516900EA6048 /* Project object */;
}
